
Microsoft Visual Studio Solution File, Format Version 12.00
# Visual Studio 15
VisualStudioVersion = 15.0.26730.3
MinimumVisualStudioVersion = 10.0.40219.1
Project("{FAE04EC0-301F-11D3-BF4B-00C04F79EFBC}") = "KURSATCAKAL_admin_template", "KURSATCAKAL_admin_template\KURSATCAKAL_admin_template.csproj", "{89BDDD20-6135-4BB5-9522-785886684411}"
EndProject
Project("{FAE04EC0-301F-11D3-BF4B-00C04F79EFBC}") = "Robolife_Admin_Data_Layer", "Robolife_Admin_Data_Layer\Robolife_Admin_Data_Layer.csproj", "{CB472AD7-CB1D-4DC7-9DFA-9DB62C0DC8F0}"
EndProject
Global
	GlobalSection(SolutionConfigurationPlatforms) = preSolution
		Debug|Any CPU = Debug|Any CPU
		Release|Any CPU = Release|Any CPU
	EndGlobalSection
	GlobalSection(ProjectConfigurationPlatforms) = postSolution
		{89BDDD20-6135-4BB5-9522-785886684411}.Debug|Any CPU.ActiveCfg = Debug|Any CPU
		{89BDDD20-6135-4BB5-9522-785886684411}.Debug|Any CPU.Build.0 = Debug|Any CPU
		{89BDDD20-6135-4BB5-9522-785886684411}.Release|Any CPU.ActiveCfg = Release|Any CPU
		{89BDDD20-6135-4BB5-9522-785886684411}.Release|Any CPU.Build.0 = Release|Any CPU
		{CB472AD7-CB1D-4DC7-9DFA-9DB62C0DC8F0}.Debug|Any CPU.ActiveCfg = Debug|Any CPU
		{CB472AD7-CB1D-4DC7-9DFA-9DB62C0DC8F0}.Debug|Any CPU.Build.0 = Debug|Any CPU
		{CB472AD7-CB1D-4DC7-9DFA-9DB62C0DC8F0}.Release|Any CPU.ActiveCfg = Release|Any CPU
		{CB472AD7-CB1D-4DC7-9DFA-9DB62C0DC8F0}.Release|Any CPU.Build.0 = Release|Any CPU
	EndGlobalSection
	GlobalSection(SolutionProperties) = preSolution
		HideSolutionNode = FALSE
	EndGlobalSection
	GlobalSection(ExtensibilityGlobals) = postSolution
		SolutionGuid = {CC66EBC3-6836-4E68-9533-472208E0065D}
	EndGlobalSection
EndGlobal
